PODS:
  - Kingfisher (3.1.0)
  - NibDesignable (3.0.0)
  - ObjectMapper (2.0.0)

DEPENDENCIES:
  - Kingfisher
  - NibDesignable
  - ObjectMapper

SPEC CHECKSUMS:
  Kingfisher: 7779f22e977393e9533a89a9685beb8f679d3767
  NibDesignable: 6ccf1e54135cb05be0a78f803b9a8d78125a7d6d
  ObjectMapper: aed2570edabbd3c9b26c939e1cabdb6558f933e0

PODFILE CHECKSUM: 5d6a00027a847b1e3506579167c788589d6166ae

COCOAPODS: 1.1.0.rc.2
